// !$*UTF8*$!
{
	archiveVersion = 1;
	classes = {
	};
	objectVersion = 77;
	objects = {

/* Begin PBXBuildFile section */
		5358E7F34E16CD8E88BD7310 /* ProseExampleApp.swift in Sources */ = {isa = PBXBuildFile; fileRef = 4CCF4BD973670EB486A21AAF /* ProseExampleApp.swift */; };
		6F7931DA33860F5359A9EED2 /* ProseEditor in Frameworks */ = {isa = PBXBuildFile; productRef = E61C99D8FB88D01B63A57C0B /* ProseEditor */; };
		88F75EDAB76366A993D45FDE /* ProseExampleUITests.swift in Sources */ = {isa = PBXBuildFile; fileRef = B668E9FB9C855656B1D7AC16 /* ProseExampleUITests.swift */; };
		DDAD2898A3D8EC3BF525A54D /* TiptapEditor.html in Resources */ = {isa = PBXBuildFile; fileRef = 5CD2511A527C145D1AF0D63F /* TiptapEditor.html */; };
		EADE793B09D32316AE79A06D /* ProseModel in Frameworks */ = {isa = PBXBuildFile; productRef = F83BF875FF8859E43B2B722E /* ProseModel */; };
/* End PBXBuildFile section */

/* Begin PBXContainerItemProxy section */
		3B4E985D3DE616F4D392127B /* PBXContainerItemProxy */ = {
			isa = PBXContainerItemProxy;
			containerPortal = 2CF4CDFD68ACC8A11AB0AFF3 /* Project object */;
			proxyType = 1;
			remoteGlobalIDString = 7234054D2167E95918F5DCE7;
			remoteInfo = ProseExample;
		};
/* End PBXContainerItemProxy section */

/* Begin PBXFileReference section */
		1332CD579DB040A6735550AF /* text-research */ = {isa = PBXFileReference; lastKnownFileType = folder; name = "text-research"; path = ..; sourceTree = SOURCE_ROOT; };
		4CCF4BD973670EB486A21AAF /* ProseExampleApp.swift */ = {isa = PBXFileReference; lastKnownFileType = sourcecode.swift; path = ProseExampleApp.swift; sourceTree = "<group>"; };
		5CD2511A527C145D1AF0D63F /* TiptapEditor.html */ = {isa = PBXFileReference; lastKnownFileType = text.html; path = TiptapEditor.html; sourceTree = "<group>"; };
		869BE84C9F4F16A5CFB1404A /* ProseExample.app */ = {isa = PBXFileReference; includeInIndex = 0; lastKnownFileType = wrapper.application; path = ProseExample.app; sourceTree = BUILT_PRODUCTS_DIR; };
		8E520E5AB516E3D62E310AB1 /* ProseExampleUITests.xctest */ = {isa = PBXFileReference; includeInIndex = 0; lastKnownFileType = wrapper.cfbundle; path = ProseExampleUITests.xctest; sourceTree = BUILT_PRODUCTS_DIR; };
		B668E9FB9C855656B1D7AC16 /* ProseExampleUITests.swift */ = {isa = PBXFileReference; lastKnownFileType = sourcecode.swift; path = ProseExampleUITests.swift; sourceTree = "<group>"; };
/* End PBXFileReference section */

/* Begin PBXFrameworksBuildPhase section */
		E106E28ECC9222DE4325D3CF /* Frameworks */ = {
			isa = PBXFrameworksBuildPhase;
			buildActionMask = 2147483647;
			files = (
				6F7931DA33860F5359A9EED2 /* ProseEditor in Frameworks */,
				EADE793B09D32316AE79A06D /* ProseModel in Frameworks */,
			);
			runOnlyForDeploymentPostprocessing = 0;
		};
/* End PBXFrameworksBuildPhase section */

/* Begin PBXGroup section */
		3990B5DABE7060673B9EF56F /* Products */ = {
			isa = PBXGroup;
			children = (
				869BE84C9F4F16A5CFB1404A /* ProseExample.app */,
				8E520E5AB516E3D62E310AB1 /* ProseExampleUITests.xctest */,
			);
			name = Products;
			sourceTree = "<group>";
		};
		6AB323093F551707308880CA /* ProseExample */ = {
			isa = PBXGroup;
			children = (
				4CCF4BD973670EB486A21AAF /* ProseExampleApp.swift */,
				5CD2511A527C145D1AF0D63F /* TiptapEditor.html */,
			);
			path = ProseExample;
			sourceTree = "<group>";
		};
		7B75DB0B189B4621757E2AB5 /* ProseExampleUITests */ = {
			isa = PBXGroup;
			children = (
				B668E9FB9C855656B1D7AC16 /* ProseExampleUITests.swift */,
			);
			path = ProseExampleUITests;
			sourceTree = "<group>";
		};
		8B5B0B85B00AA36B4B5F406A /* Packages */ = {
			isa = PBXGroup;
			children = (
				1332CD579DB040A6735550AF /* text-research */,
			);
			name = Packages;
			sourceTree = "<group>";
		};
		EB02BA7E75019528ADAD0ECE = {
			isa = PBXGroup;
			children = (
				8B5B0B85B00AA36B4B5F406A /* Packages */,
				6AB323093F551707308880CA /* ProseExample */,
				7B75DB0B189B4621757E2AB5 /* ProseExampleUITests */,
				3990B5DABE7060673B9EF56F /* Products */,
			);
			sourceTree = "<group>";
		};
/* End PBXGroup section */

/* Begin PBXNativeTarget section */
		37B78E51896B6B646352D36B /* ProseExampleUITests */ = {
			isa = PBXNativeTarget;
			buildConfigurationList = A0D27709C48ACFBD27092D40 /* Build configuration list for PBXNativeTarget "ProseExampleUITests" */;
			buildPhases = (
				976CF0B03DD6D6339AD81C08 /* Sources */,
			);
			buildRules = (
			);
			dependencies = (
				D5A2F65CBB84D74B34BBEDEC /* PBXTargetDependency */,
			);
			name = ProseExampleUITests;
			packageProductDependencies = (
			);
			productName = ProseExampleUITests;
			productReference = 8E520E5AB516E3D62E310AB1 /* ProseExampleUITests.xctest */;
			productType = "com.apple.product-type.bundle.ui-testing";
		};
		7234054D2167E95918F5DCE7 /* ProseExample */ = {
			isa = PBXNativeTarget;
			buildConfigurationList = 2BCC1216BEC2F120BFC76167 /* Build configuration list for PBXNativeTarget "ProseExample" */;
			buildPhases = (
				EC6B1227AAC901F966D32493 /* Sources */,
				EE8B814F539B9518E39A2201 /* Resources */,
				E106E28ECC9222DE4325D3CF /* Frameworks */,
			);
			buildRules = (
			);
			dependencies = (
			);
			name = ProseExample;
			packageProductDependencies = (
				E61C99D8FB88D01B63A57C0B /* ProseEditor */,
				F83BF875FF8859E43B2B722E /* ProseModel */,
			);
			productName = ProseExample;
			productReference = 869BE84C9F4F16A5CFB1404A /* ProseExample.app */;
			productType = "com.apple.product-type.application";
		};
/* End PBXNativeTarget section */

/* Begin PBXProject section */
		2CF4CDFD68ACC8A11AB0AFF3 /* Project object */ = {
			isa = PBXProject;
			attributes = {
				BuildIndependentTargetsInParallel = YES;
				LastUpgradeCheck = 1430;
				TargetAttributes = {
					37B78E51896B6B646352D36B = {
						TestTargetID = 7234054D2167E95918F5DCE7;
					};
				};
			};
			buildConfigurationList = 06C8AC9F3944AEA006FA4B86 /* Build configuration list for PBXProject "ProseExample" */;
			developmentRegion = en;
			hasScannedForEncodings = 0;
			knownRegions = (
				Base,
				en,
			);
			mainGroup = EB02BA7E75019528ADAD0ECE;
			minimizedProjectReferenceProxies = 1;
			packageReferences = (
				2B093B00DD05E48BAE901592 /* XCLocalSwiftPackageReference ".." */,
			);
			preferredProjectObjectVersion = 77;
			productRefGroup = 3990B5DABE7060673B9EF56F /* Products */;
			projectDirPath = "";
			projectRoot = "";
			targets = (
				7234054D2167E95918F5DCE7 /* ProseExample */,
				37B78E51896B6B646352D36B /* ProseExampleUITests */,
			);
		};
/* End PBXProject section */

/* Begin PBXResourcesBuildPhase section */
		EE8B814F539B9518E39A2201 /* Resources */ = {
			isa = PBXResourcesBuildPhase;
			buildActionMask = 2147483647;
			files = (
				DDAD2898A3D8EC3BF525A54D /* TiptapEditor.html in Resources */,
			);
			runOnlyForDeploymentPostprocessing = 0;
		};
/* End PBXResourcesBuildPhase section */

/* Begin PBXSourcesBuildPhase section */
		976CF0B03DD6D6339AD81C08 /* Sources */ = {
			isa = PBXSourcesBuildPhase;
			buildActionMask = 2147483647;
			files = (
				88F75EDAB76366A993D45FDE /* ProseExampleUITests.swift in Sources */,
			);
			runOnlyForDeploymentPostprocessing = 0;
		};
		EC6B1227AAC901F966D32493 /* Sources */ = {
			isa = PBXSourcesBuildPhase;
			buildActionMask = 2147483647;
			files = (
				5358E7F34E16CD8E88BD7310 /* ProseExampleApp.swift in Sources */,
			);
			runOnlyForDeploymentPostprocessing = 0;
		};
/* End PBXSourcesBuildPhase section */

/* Begin PBXTargetDependency section */
		D5A2F65CBB84D74B34BBEDEC /* PBXTargetDependency */ = {
			isa = PBXTargetDependency;
			target = 7234054D2167E95918F5DCE7 /* ProseExample */;
			targetProxy = 3B4E985D3DE616F4D392127B /* PBXContainerItemProxy */;
		};
/* End PBXTargetDependency section */

/* Begin XCBuildConfiguration section */
		0DC1D37EE1E28F974DF57700 /* Debug */ = {
			isa = XCBuildConfiguration;
			buildSettings = {
				ASSETCATALOG_COMPILER_APPICON_NAME = AppIcon;
				CODE_SIGN_IDENTITY = "iPhone Developer";
				GENERATE_INFOPLIST_FILE = YES;
				INFOPLIST_KEY_UIApplicationSceneManifest_Generation = YES;
				INFOPLIST_KEY_UIApplicationSupportsIndirectInputEvents = YES;
				INFOPLIST_KEY_UILaunchScreen_Generation = YES;
				IPHONEOS_DEPLOYMENT_TARGET = 17.0;
				LD_RUNPATH_SEARCH_PATHS = (
					"$(inherited)",
					"@executable_path/Frameworks",
				);
				PRODUCT_BUNDLE_IDENTIFIER = com.siuying.ProseExample;
				SDKROOT = iphoneos;
				TARGETED_DEVICE_FAMILY = "1,2";
			};
			name = Debug;
		};
		40A252FE4F603D742A1BA23A /* Release */ = {
			isa = XCBuildConfiguration;
			buildSettings = {
				BUNDLE_LOADER = "$(TEST_HOST)";
				GENERATE_INFOPLIST_FILE = YES;
				IPHONEOS_DEPLOYMENT_TARGET = 17.0;
				LD_RUNPATH_SEARCH_PATHS = (
					"$(inherited)",
					"@executable_path/Frameworks",
					"@loader_path/Frameworks",
				);
				PRODUCT_BUNDLE_IDENTIFIER = com.siuying.ProseExampleUITests;
				SDKROOT = iphoneos;
				TARGETED_DEVICE_FAMILY = "1,2";
				TEST_TARGET_NAME = ProseExample;
			};
			name = Release;
		};
		50C80E3FC35E638F5BA444FF /* Release */ = {
			isa = XCBuildConfiguration;
			buildSettings = {
				ALWAYS_SEARCH_USER_PATHS = NO;
				CLANG_ANALYZER_NONNULL = YES;
				CLANG_ANALYZER_NUMBER_OBJECT_CONVERSION = YES_AGGRESSIVE;
				CLANG_CXX_LANGUAGE_STANDARD = "gnu++14";
				CLANG_CXX_LIBRARY = "libc++";
				CLANG_ENABLE_MODULES = YES;
				CLANG_ENABLE_OBJC_ARC = YES;
				CLANG_ENABLE_OBJC_WEAK = YES;
				CLANG_WARN_BLOCK_CAPTURE_AUTORELEASING = YES;
				CLANG_WARN_BOOL_CONVERSION = YES;
				CLANG_WARN_COMMA = YES;
				CLANG_WARN_CONSTANT_CONVERSION = YES;
				CLANG_WARN_DEPRECATED_OBJC_IMPLEMENTATIONS = YES;
				CLANG_WARN_DIRECT_OBJC_ISA_USAGE = YES_ERROR;
				CLANG_WARN_DOCUMENTATION_COMMENTS = YES;
				CLANG_WARN_EMPTY_BODY = YES;
				CLANG_WARN_ENUM_CONVERSION = YES;
				CLANG_WARN_INFINITE_RECURSION = YES;
				CLANG_WARN_INT_CONVERSION = YES;
				CLANG_WARN_NON_LITERAL_NULL_CONVERSION = YES;
				CLANG_WARN_OBJC_IMPLICIT_RETAIN_SELF = YES;
				CLANG_WARN_OBJC_LITERAL_CONVERSION = YES;
				CLANG_WARN_OBJC_ROOT_CLASS = YES_ERROR;
				CLANG_WARN_QUOTED_INCLUDE_IN_FRAMEWORK_HEADER = YES;
				CLANG_WARN_RANGE_LOOP_ANALYSIS = YES;
				CLANG_WARN_STRICT_PROTOTYPES = YES;
				CLANG_WARN_SUSPICIOUS_MOVE = YES;
				CLANG_WARN_UNGUARDED_AVAILABILITY = YES_AGGRESSIVE;
				CLANG_WARN_UNREACHABLE_CODE = YES;
				CLANG_WARN__DUPLICATE_METHOD_MATCH = YES;
				COPY_PHASE_STRIP = NO;
				DEBUG_INFORMATION_FORMAT = "dwarf-with-dsym";
				ENABLE_NS_ASSERTIONS = NO;
				ENABLE_STRICT_OBJC_MSGSEND = YES;
				GCC_C_LANGUAGE_STANDARD = gnu11;
				GCC_NO_COMMON_BLOCKS = YES;
				GCC_WARN_64_TO_32_BIT_CONVERSION = YES;
				GCC_WARN_ABOUT_RETURN_TYPE = YES_ERROR;
				GCC_WARN_UNDECLARED_SELECTOR = YES;
				GCC_WARN_UNINITIALIZED_AUTOS = YES_AGGRESSIVE;
				GCC_WARN_UNUSED_FUNCTION = YES;
				GCC_WARN_UNUSED_VARIABLE = YES;
				MTL_ENABLE_DEBUG_INFO = NO;
				MTL_FAST_MATH = YES;
				PRODUCT_NAME = "$(TARGET_NAME)";
				SDKROOT = iphoneos;
				SWIFT_COMPILATION_MODE = wholemodule;
				SWIFT_OPTIMIZATION_LEVEL = "-O";
				SWIFT_VERSION = 5.0;
			};
			name = Release;
		};
		688C5E5409562A5C4A9FA455 /* Debug */ = {
			isa = XCBuildConfiguration;
			buildSettings = {
				ALWAYS_SEARCH_USER_PATHS = NO;
				CLANG_ANALYZER_NONNULL = YES;
				CLANG_ANALYZER_NUMBER_OBJECT_CONVERSION = YES_AGGRESSIVE;
				CLANG_CXX_LANGUAGE_STANDARD = "gnu++14";
				CLANG_CXX_LIBRARY = "libc++";
				CLANG_ENABLE_MODULES = YES;
				CLANG_ENABLE_OBJC_ARC = YES;
				CLANG_ENABLE_OBJC_WEAK = YES;
				CLANG_WARN_BLOCK_CAPTURE_AUTORELEASING = YES;
				CLANG_WARN_BOOL_CONVERSION = YES;
				CLANG_WARN_COMMA = YES;
				CLANG_WARN_CONSTANT_CONVERSION = YES;
				CLANG_WARN_DEPRECATED_OBJC_IMPLEMENTATIONS = YES;
				CLANG_WARN_DIRECT_OBJC_ISA_USAGE = YES_ERROR;
				CLANG_WARN_DOCUMENTATION_COMMENTS = YES;
				CLANG_WARN_EMPTY_BODY = YES;
				CLANG_WARN_ENUM_CONVERSION = YES;
				CLANG_WARN_INFINITE_RECURSION = YES;
				CLANG_WARN_INT_CONVERSION = YES;
				CLANG_WARN_NON_LITERAL_NULL_CONVERSION = YES;
				CLANG_WARN_OBJC_IMPLICIT_RETAIN_SELF = YES;
				CLANG_WARN_OBJC_LITERAL_CONVERSION = YES;
				CLANG_WARN_OBJC_ROOT_CLASS = YES_ERROR;
				CLANG_WARN_QUOTED_INCLUDE_IN_FRAMEWORK_HEADER = YES;
				CLANG_WARN_RANGE_LOOP_ANALYSIS = YES;
				CLANG_WARN_STRICT_PROTOTYPES = YES;
				CLANG_WARN_SUSPICIOUS_MOVE = YES;
				CLANG_WARN_UNGUARDED_AVAILABILITY = YES_AGGRESSIVE;
				CLANG_WARN_UNREACHABLE_CODE = YES;
				CLANG_WARN__DUPLICATE_METHOD_MATCH = YES;
				COPY_PHASE_STRIP = NO;
				DEBUG_INFORMATION_FORMAT = dwarf;
				ENABLE_STRICT_OBJC_MSGSEND = YES;
				ENABLE_TESTABILITY = YES;
				GCC_C_LANGUAGE_STANDARD = gnu11;
				GCC_DYNAMIC_NO_PIC = NO;
				GCC_NO_COMMON_BLOCKS = YES;
				GCC_OPTIMIZATION_LEVEL = 0;
				GCC_PREPROCESSOR_DEFINITIONS = (
					"$(inherited)",
					"DEBUG=1",
				);
				GCC_WARN_64_TO_32_BIT_CONVERSION = YES;
				GCC_WARN_ABOUT_RETURN_TYPE = YES_ERROR;
				GCC_WARN_UNDECLARED_SELECTOR = YES;
				GCC_WARN_UNINITIALIZED_AUTOS = YES_AGGRESSIVE;
				GCC_WARN_UNUSED_FUNCTION = YES;
				GCC_WARN_UNUSED_VARIABLE = YES;
				MTL_ENABLE_DEBUG_INFO = INCLUDE_SOURCE;
				MTL_FAST_MATH = YES;
				ONLY_ACTIVE_ARCH = YES;
				PRODUCT_NAME = "$(TARGET_NAME)";
				SDKROOT = iphoneos;
				SWIFT_ACTIVE_COMPILATION_CONDITIONS = DEBUG;
				SWIFT_OPTIMIZATION_LEVEL = "-Onone";
				SWIFT_VERSION = 5.0;
			};
			name = Debug;
		};
		71FB04CD326A18674D06AD0C /* Debug */ = {
			isa = XCBuildConfiguration;
			buildSettings = {
				BUNDLE_LOADER = "$(TEST_HOST)";
				GENERATE_INFOPLIST_FILE = YES;
				IPHONEOS_DEPLOYMENT_TARGET = 17.0;
				LD_RUNPATH_SEARCH_PATHS = (
					"$(inherited)",
					"@executable_path/Frameworks",
					"@loader_path/Frameworks",
				);
				PRODUCT_BUNDLE_IDENTIFIER = com.siuying.ProseExampleUITests;
				SDKROOT = iphoneos;
				TARGETED_DEVICE_FAMILY = "1,2";
				TEST_TARGET_NAME = ProseExample;
			};
			name = Debug;
		};
		B0C352F2034E333C388BCE6C /* Release */ = {
			isa = XCBuildConfiguration;
			buildSettings = {
				ASSETCATALOG_COMPILER_APPICON_NAME = AppIcon;
				CODE_SIGN_IDENTITY = "iPhone Developer";
				GENERATE_INFOPLIST_FILE = YES;
				INFOPLIST_KEY_UIApplicationSceneManifest_Generation = YES;
				INFOPLIST_KEY_UIApplicationSupportsIndirectInputEvents = YES;
				INFOPLIST_KEY_UILaunchScreen_Generation = YES;
				IPHONEOS_DEPLOYMENT_TARGET = 17.0;
				LD_RUNPATH_SEARCH_PATHS = (
					"$(inherited)",
					"@executable_path/Frameworks",
				);
				PRODUCT_BUNDLE_IDENTIFIER = com.siuying.ProseExample;
				SDKROOT = iphoneos;
				TARGETED_DEVICE_FAMILY = "1,2";
			};
			name = Release;
		};
/* End XCBuildConfiguration section */

/* Begin XCConfigurationList section */
		06C8AC9F3944AEA006FA4B86 /* Build configuration list for PBXProject "ProseExample" */ = {
			isa = XCConfigurationList;
			buildConfigurations = (
				688C5E5409562A5C4A9FA455 /* Debug */,
				50C80E3FC35E638F5BA444FF /* Release */,
			);
			defaultConfigurationIsVisible = 0;
			defaultConfigurationName = Debug;
		};
		2BCC1216BEC2F120BFC76167 /* Build configuration list for PBXNativeTarget "ProseExample" */ = {
			isa = XCConfigurationList;
			buildConfigurations = (
				0DC1D37EE1E28F974DF57700 /* Debug */,
				B0C352F2034E333C388BCE6C /* Release */,
			);
			defaultConfigurationIsVisible = 0;
			defaultConfigurationName = Debug;
		};
		A0D27709C48ACFBD27092D40 /* Build configuration list for PBXNativeTarget "ProseExampleUITests" */ = {
			isa = XCConfigurationList;
			buildConfigurations = (
				71FB04CD326A18674D06AD0C /* Debug */,
				40A252FE4F603D742A1BA23A /* Release */,
			);
			defaultConfigurationIsVisible = 0;
			defaultConfigurationName = Debug;
		};
/* End XCConfigurationList section */

/* Begin XCLocalSwiftPackageReference section */
		2B093B00DD05E48BAE901592 /* XCLocalSwiftPackageReference ".." */ = {
			isa = XCLocalSwiftPackageReference;
			relativePath = ..;
		};
/* End XCLocalSwiftPackageReference section */

/* Begin XCSwiftPackageProductDependency section */
		E61C99D8FB88D01B63A57C0B /* ProseEditor */ = {
			isa = XCSwiftPackageProductDependency;
			productName = ProseEditor;
		};
		F83BF875FF8859E43B2B722E /* ProseModel */ = {
			isa = XCSwiftPackageProductDependency;
			productName = ProseModel;
		};
/* End XCSwiftPackageProductDependency section */
	};
	rootObject = 2CF4CDFD68ACC8A11AB0AFF3 /* Project object */;
}
