{
	"name": "text-research",
	"lockfileVersion": 3,
	"requires": true,
	"packages": {
		"": {
			"dependencies": {
				"zod": "^4.4.3"
			},
			"devDependencies": {
				"@ai-hero/sandcastle": "^0.10.0"
			}
		},
		"node_modules/@ai-hero/sandcastle": {
			"version": "0.10.0",
			"dev": true,
			"license": "MIT",
			"dependencies": {
				"@clack/prompts": "^1.1.0"
			},
			"bin": {
				"sandcastle": "dist/main.js"
			},
			"peerDependencies": {
				"@daytona/sdk": "^0.164.0",
				"@vercel/sandbox": ">=1.0.0"
			},
			"peerDependenciesMeta": {
				"@daytona/sdk": {
					"optional": true
				},
				"@vercel/sandbox": {
					"optional": true
				}
			}
		},
		"node_modules/@clack/core": {
			"version": "1.4.2",
			"dev": true,
			"license": "MIT",
			"dependencies": {
				"fast-wrap-ansi": "^0.2.0",
				"sisteransi": "^1.0.5"
			},
			"engines": {
				"node": ">= 20.12.0"
			}
		},
		"node_modules/@clack/prompts": {
			"version": "1.6.0",
			"dev": true,
			"license": "MIT",
			"dependencies": {
				"@clack/core": "1.4.2",
				"fast-string-width": "^3.0.2",
				"fast-wrap-ansi": "^0.2.0",
				"sisteransi": "^1.0.5"
			},
			"engines": {
				"node": ">= 20.12.0"
			}
		},
		"node_modules/fast-string-truncated-width": {
			"version": "3.0.3",
			"dev": true,
			"license": "MIT"
		},
		"node_modules/fast-string-width": {
			"version": "3.0.2",
			"dev": true,
			"license": "MIT",
			"dependencies": {
				"fast-string-truncated-width": "^3.0.2"
			}
		},
		"node_modules/fast-wrap-ansi": {
			"version": "0.2.2",
			"dev": true,
			"license": "MIT",
			"dependencies": {
				"fast-string-width": "^3.0.2"
			}
		},
		"node_modules/sisteransi": {
			"version": "1.0.5",
			"dev": true,
			"license": "MIT"
		},
		"node_modules/zod": {
			"version": "4.4.3",
			"license": "MIT",
			"funding": {
				"url": "https://github.com/sponsors/colinhacks"
			}
		}
	}
}
